
Microsoft Visual Studio Solution File, Format Version 11.00
# Visual Studio 2010
Project("{F184B08F-C81C-45F6-A57F-5ABD9991F28F}") = "XBMCLauncherGUI", "XBMCLauncherGUI\XBMCLauncherGUI.vbproj", "{648B439F-8B82-4232-87A1-6EF27FBEC3B0}"
EndProject
Global
	GlobalSection(SolutionConfigurationPlatforms) = preSolution
		Debug|x86 = Debug|x86
		Release|x86 = Release|x86
	EndGlobalSection
	GlobalSection(ProjectConfigurationPlatforms) = postSolution
		{648B439F-8B82-4232-87A1-6EF27FBEC3B0}.Debug|x86.ActiveCfg = Debug|x86
		{648B439F-8B82-4232-87A1-6EF27FBEC3B0}.Debug|x86.Build.0 = Debug|x86
		{648B439F-8B82-4232-87A1-6EF27FBEC3B0}.Release|x86.ActiveCfg = Release|x86
		{648B439F-8B82-4232-87A1-6EF27FBEC3B0}.Release|x86.Build.0 = Release|x86
	EndGlobalSection
	GlobalSection(SolutionProperties) = preSolution
		HideSolutionNode = FALSE
	EndGlobalSection
EndGlobal
